// !$*UTF8*$!
{
	archiveVersion = 1;
	classes = {
	};
	objectVersion = 55;
	objects = {

/* Begin PBXBuildFile section */
		3E0C6BE827C8596D007769E8 /* HomeRadioControllerViewModel.swift in Sources */ = {isa = PBXBuildFile; fileRef = 3E0C6BE727C8596D007769E8 /* HomeRadioControllerViewModel.swift */; };
		3E0C6BEB27C89C4D007769E8 /* TextUsViewModel.swift in Sources */ = {isa = PBXBuildFile; fileRef = 3E0C6BEA27C89C4D007769E8 /* TextUsViewModel.swift */; };
		3E1B82E427C82DE300335D27 /* HomeView.swift in Sources */ = {isa = PBXBuildFile; fileRef = 3E1B82E327C82DE300335D27 /* HomeView.swift */; };
		3E6E31C127C845D9001647DA /* AboutUsView.swift in Sources */ = {isa = PBXBuildFile; fileRef = 3E6E31C027C845D9001647DA /* AboutUsView.swift */; };
		3E6E31C327C8461A001647DA /* TextUsView.swift in Sources */ = {isa = PBXBuildFile; fileRef = 3E6E31C227C8461A001647DA /* TextUsView.swift */; };
		3E6E31C527C84F8F001647DA /* HomeRadioControllerView.swift in Sources */ = {isa = PBXBuildFile; fileRef = 3E6E31C427C84F8F001647DA /* HomeRadioControllerView.swift */; };
		3EAEE4AB27C8109100593B73 /* RSIApp.swift in Sources */ = {isa = PBXBuildFile; fileRef = 3EAEE4AA27C8109100593B73 /* RSIApp.swift */; };
		3EAEE4AD27C8109100593B73 /* ContentView.swift in Sources */ = {isa = PBXBuildFile; fileRef = 3EAEE4AC27C8109100593B73 /* ContentView.swift */; };
		3EAEE4AF27C8109200593B73 /* Assets.xcassets in Resources */ = {isa = PBXBuildFile; fileRef = 3EAEE4AE27C8109200593B73 /* Assets.xcassets */; };
		3EAEE4B227C8109200593B73 /* Preview Assets.xcassets in Resources */ = {isa = PBXBuildFile; fileRef = 3EAEE4B127C8109200593B73 /* Preview Assets.xcassets */; };
		3EAEE4BE27C8116D00593B73 /* RSI.swift in Sources */ = {isa = PBXBuildFile; fileRef = 3EAEE4BD27C8116D00593B73 /* RSI.swift */; };
		3EAEE4C027C8122B00593B73 /* LogoView.swift in Sources */ = {isa = PBXBuildFile; fileRef = 3EAEE4BF27C8122B00593B73 /* LogoView.swift */; };
		3EF38C542807639F001408C5 /* ModelData.swift in Sources */ = {isa = PBXBuildFile; fileRef = 3EF38C532807639F001408C5 /* ModelData.swift */; };
		3EF38C5728076510001408C5 /* rsidata.json in Resources */ = {isa = PBXBuildFile; fileRef = 3EF38C5628076510001408C5 /* rsidata.json */; };
		3EF38C5B2807662C001408C5 /* ImageView.swift in Sources */ = {isa = PBXBuildFile; fileRef = 3EF38C5A2807662C001408C5 /* ImageView.swift */; };
		3EF38C5D2807747E001408C5 /* ImageList.swift in Sources */ = {isa = PBXBuildFile; fileRef = 3EF38C5C2807747E001408C5 /* ImageList.swift */; };
/* End PBXBuildFile section */

/* Begin PBXFileReference section */
		3E0C6BE727C8596D007769E8 /* HomeRadioControllerViewModel.swift */ = {isa = PBXFileReference; lastKnownFileType = sourcecode.swift; path = HomeRadioControllerViewModel.swift; sourceTree = "<group>"; };
		3E0C6BEA27C89C4D007769E8 /* TextUsViewModel.swift */ = {isa = PBXFileReference; lastKnownFileType = sourcecode.swift; path = TextUsViewModel.swift; sourceTree = "<group>"; };
		3E1B82E327C82DE300335D27 /* HomeView.swift */ = {isa = PBXFileReference; lastKnownFileType = sourcecode.swift; path = HomeView.swift; sourceTree = "<group>"; };
		3E6E31C027C845D9001647DA /* AboutUsView.swift */ = {isa = PBXFileReference; lastKnownFileType = sourcecode.swift; path = AboutUsView.swift; sourceTree = "<group>"; };
		3E6E31C227C8461A001647DA /* TextUsView.swift */ = {isa = PBXFileReference; lastKnownFileType = sourcecode.swift; path = TextUsView.swift; sourceTree = "<group>"; };
		3E6E31C427C84F8F001647DA /* HomeRadioControllerView.swift */ = {isa = PBXFileReference; lastKnownFileType = sourcecode.swift; path = HomeRadioControllerView.swift; sourceTree = "<group>"; };
		3E6E31C627C850A7001647DA /* Info.plist */ = {isa = PBXFileReference; lastKnownFileType = text.plist; path = Info.plist; sourceTree = "<group>"; };
		3EAEE4A727C8109100593B73 /* RSI.app */ = {isa = PBXFileReference; explicitFileType = wrapper.application; includeInIndex = 0; path = RSI.app; sourceTree = BUILT_PRODUCTS_DIR; };
		3EAEE4AA27C8109100593B73 /* RSIApp.swift */ = {isa = PBXFileReference; lastKnownFileType = sourcecode.swift; path = RSIApp.swift; sourceTree = "<group>"; };
		3EAEE4AC27C8109100593B73 /* ContentView.swift */ = {isa = PBXFileReference; lastKnownFileType = sourcecode.swift; path = ContentView.swift; sourceTree = "<group>"; };
		3EAEE4AE27C8109200593B73 /* Assets.xcassets */ = {isa = PBXFileReference; lastKnownFileType = folder.assetcatalog; path = Assets.xcassets; sourceTree = "<group>"; };
		3EAEE4B127C8109200593B73 /* Preview Assets.xcassets */ = {isa = PBXFileReference; lastKnownFileType = folder.assetcatalog; path = "Preview Assets.xcassets"; sourceTree = "<group>"; };
		3EAEE4BD27C8116D00593B73 /* RSI.swift */ = {isa = PBXFileReference; lastKnownFileType = sourcecode.swift; path = RSI.swift; sourceTree = "<group>"; };
		3EAEE4BF27C8122B00593B73 /* LogoView.swift */ = {isa = PBXFileReference; lastKnownFileType = sourcecode.swift; path = LogoView.swift; sourceTree = "<group>"; };
		3EF38C532807639F001408C5 /* ModelData.swift */ = {isa = PBXFileReference; lastKnownFileType = sourcecode.swift; path = ModelData.swift; sourceTree = "<group>"; };
		3EF38C5628076510001408C5 /* rsidata.json */ = {isa = PBXFileReference; fileEncoding = 4; lastKnownFileType = text.json; path = rsidata.json; sourceTree = "<group>"; };
		3EF38C5A2807662C001408C5 /* ImageView.swift */ = {isa = PBXFileReference; lastKnownFileType = sourcecode.swift; path = ImageView.swift; sourceTree = "<group>"; };
		3EF38C5C2807747E001408C5 /* ImageList.swift */ = {isa = PBXFileReference; lastKnownFileType = sourcecode.swift; path = ImageList.swift; sourceTree = "<group>"; };
/* End PBXFileReference section */

/* Begin PBXFrameworksBuildPhase section */
		3EAEE4A427C8109100593B73 /* Frameworks */ = {
			isa = PBXFrameworksBuildPhase;
			buildActionMask = 2147483647;
			files = (
			);
			runOnlyForDeploymentPostprocessing = 0;
		};
/* End PBXFrameworksBuildPhase section */

/* Begin PBXGroup section */
		3E0C6BE627C858E5007769E8 /* HomeRadioControllerView */ = {
			isa = PBXGroup;
			children = (
				3E6E31C427C84F8F001647DA /* HomeRadioControllerView.swift */,
				3E0C6BE727C8596D007769E8 /* HomeRadioControllerViewModel.swift */,
			);
			path = HomeRadioControllerView;
			sourceTree = "<group>";
		};
		3E0C6BE927C89C17007769E8 /* TextUsView */ = {
			isa = PBXGroup;
			children = (
				3E6E31C227C8461A001647DA /* TextUsView.swift */,
				3E0C6BEA27C89C4D007769E8 /* TextUsViewModel.swift */,
			);
			path = TextUsView;
			sourceTree = "<group>";
		};
		3EAEE49E27C8109100593B73 = {
			isa = PBXGroup;
			children = (
				3EAEE4A927C8109100593B73 /* RSI */,
				3EAEE4A827C8109100593B73 /* Products */,
			);
			sourceTree = "<group>";
		};
		3EAEE4A827C8109100593B73 /* Products */ = {
			isa = PBXGroup;
			children = (
				3EAEE4A727C8109100593B73 /* RSI.app */,
			);
			name = Products;
			sourceTree = "<group>";
		};
		3EAEE4A927C8109100593B73 /* RSI */ = {
			isa = PBXGroup;
			children = (
				3E6E31C627C850A7001647DA /* Info.plist */,
				3EAEE4AA27C8109100593B73 /* RSIApp.swift */,
				3EAEE4BA27C8110700593B73 /* Views */,
				3EAEE4B927C810F800593B73 /* Model */,
				3EF38C5528076438001408C5 /* Ressources */,
				3EAEE4AE27C8109200593B73 /* Assets.xcassets */,
				3EAEE4B027C8109200593B73 /* Preview Content */,
			);
			path = RSI;
			sourceTree = "<group>";
		};
		3EAEE4B027C8109200593B73 /* Preview Content */ = {
			isa = PBXGroup;
			children = (
				3EAEE4B127C8109200593B73 /* Preview Assets.xcassets */,
			);
			path = "Preview Content";
			sourceTree = "<group>";
		};
		3EAEE4B927C810F800593B73 /* Model */ = {
			isa = PBXGroup;
			children = (
				3EAEE4BD27C8116D00593B73 /* RSI.swift */,
				3EF38C532807639F001408C5 /* ModelData.swift */,
			);
			path = Model;
			sourceTree = "<group>";
		};
		3EAEE4BA27C8110700593B73 /* Views */ = {
			isa = PBXGroup;
			children = (
				3EF38C59280765F9001408C5 /* AboutUsView */,
				3EF38C58280765D4001408C5 /* HomeView */,
				3E0C6BE627C858E5007769E8 /* HomeRadioControllerView */,
				3E0C6BE927C89C17007769E8 /* TextUsView */,
			);
			path = Views;
			sourceTree = "<group>";
		};
		3EF38C5528076438001408C5 /* Ressources */ = {
			isa = PBXGroup;
			children = (
				3EF38C5628076510001408C5 /* rsidata.json */,
			);
			path = Ressources;
			sourceTree = "<group>";
		};
		3EF38C58280765D4001408C5 /* HomeView */ = {
			isa = PBXGroup;
			children = (
				3EAEE4AC27C8109100593B73 /* ContentView.swift */,
				3EAEE4BF27C8122B00593B73 /* LogoView.swift */,
				3E1B82E327C82DE300335D27 /* HomeView.swift */,
			);
			path = HomeView;
			sourceTree = "<group>";
		};
		3EF38C59280765F9001408C5 /* AboutUsView */ = {
			isa = PBXGroup;
			children = (
				3E6E31C027C845D9001647DA /* AboutUsView.swift */,
				3EF38C5A2807662C001408C5 /* ImageView.swift */,
				3EF38C5C2807747E001408C5 /* ImageList.swift */,
			);
			path = AboutUsView;
			sourceTree = "<group>";
		};
/* End PBXGroup section */

/* Begin PBXNativeTarget section */
		3EAEE4A627C8109100593B73 /* RSI */ = {
			isa = PBXNativeTarget;
			buildConfigurationList = 3EAEE4B527C8109200593B73 /* Build configuration list for PBXNativeTarget "RSI" */;
			buildPhases = (
				3EAEE4A327C8109100593B73 /* Sources */,
				3EAEE4A427C8109100593B73 /* Frameworks */,
				3EAEE4A527C8109100593B73 /* Resources */,
			);
			buildRules = (
			);
			dependencies = (
			);
			name = RSI;
			productName = RSI;
			productReference = 3EAEE4A727C8109100593B73 /* RSI.app */;
			productType = "com.apple.product-type.application";
		};
/* End PBXNativeTarget section */

/* Begin PBXProject section */
		3EAEE49F27C8109100593B73 /* Project object */ = {
			isa = PBXProject;
			attributes = {
				BuildIndependentTargetsInParallel = 1;
				LastSwiftUpdateCheck = 1320;
				LastUpgradeCheck = 1320;
				TargetAttributes = {
					3EAEE4A627C8109100593B73 = {
						CreatedOnToolsVersion = 13.2.1;
					};
				};
			};
			buildConfigurationList = 3EAEE4A227C8109100593B73 /* Build configuration list for PBXProject "RSI" */;
			compatibilityVersion = "Xcode 13.0";
			developmentRegion = en;
			hasScannedForEncodings = 0;
			knownRegions = (
				en,
				Base,
			);
			mainGroup = 3EAEE49E27C8109100593B73;
			productRefGroup = 3EAEE4A827C8109100593B73 /* Products */;
			projectDirPath = "";
			projectRoot = "";
			targets = (
				3EAEE4A627C8109100593B73 /* RSI */,
			);
		};
/* End PBXProject section */

/* Begin PBXResourcesBuildPhase section */
		3EAEE4A527C8109100593B73 /* Resources */ = {
			isa = PBXResourcesBuildPhase;
			buildActionMask = 2147483647;
			files = (
				3EAEE4B227C8109200593B73 /* Preview Assets.xcassets in Resources */,
				3EF38C5728076510001408C5 /* rsidata.json in Resources */,
				3EAEE4AF27C8109200593B73 /* Assets.xcassets in Resources */,
			);
			runOnlyForDeploymentPostprocessing = 0;
		};
/* End PBXResourcesBuildPhase section */

/* Begin PBXSourcesBuildPhase section */
		3EAEE4A327C8109100593B73 /* Sources */ = {
			isa = PBXSourcesBuildPhase;
			buildActionMask = 2147483647;
			files = (
				3EF38C5B2807662C001408C5 /* ImageView.swift in Sources */,
				3E6E31C527C84F8F001647DA /* HomeRadioControllerView.swift in Sources */,
				3E0C6BE827C8596D007769E8 /* HomeRadioControllerViewModel.swift in Sources */,
				3EAEE4AD27C8109100593B73 /* ContentView.swift in Sources */,
				3EAEE4C027C8122B00593B73 /* LogoView.swift in Sources */,
				3EAEE4AB27C8109100593B73 /* RSIApp.swift in Sources */,
				3E6E31C327C8461A001647DA /* TextUsView.swift in Sources */,
				3E1B82E427C82DE300335D27 /* HomeView.swift in Sources */,
				3EF38C542807639F001408C5 /* ModelData.swift in Sources */,
				3EF38C5D2807747E001408C5 /* ImageList.swift in Sources */,
				3EAEE4BE27C8116D00593B73 /* RSI.swift in Sources */,
				3E6E31C127C845D9001647DA /* AboutUsView.swift in Sources */,
				3E0C6BEB27C89C4D007769E8 /* TextUsViewModel.swift in Sources */,
			);
			runOnlyForDeploymentPostprocessing = 0;
		};
/* End PBXSourcesBuildPhase section */

/* Begin XCBuildConfiguration section */
		3EAEE4B327C8109200593B73 /* Debug */ = {
			isa = XCBuildConfiguration;
			buildSettings = {
				ALWAYS_SEARCH_USER_PATHS = NO;
				CLANG_ANALYZER_NONNULL = YES;
				CLANG_ANALYZER_NUMBER_OBJECT_CONVERSION = YES_AGGRESSIVE;
				CLANG_CXX_LANGUAGE_STANDARD = "gnu++17";
				CLANG_CXX_LIBRARY = "libc++";
				CLANG_ENABLE_MODULES = YES;
				CLANG_ENABLE_OBJC_ARC = YES;
				CLANG_ENABLE_OBJC_WEAK = YES;
				CLANG_WARN_BLOCK_CAPTURE_AUTORELEASING = YES;
				CLANG_WARN_BOOL_CONVERSION = YES;
				CLANG_WARN_COMMA = YES;
				CLANG_WARN_CONSTANT_CONVERSION = YES;
				CLANG_WARN_DEPRECATED_OBJC_IMPLEMENTATIONS = YES;
				CLANG_WARN_DIRECT_OBJC_ISA_USAGE = YES_ERROR;
				CLANG_WARN_DOCUMENTATION_COMMENTS = YES;
				CLANG_WARN_EMPTY_BODY = YES;
				CLANG_WARN_ENUM_CONVERSION = YES;
				CLANG_WARN_INFINITE_RECURSION = YES;
				CLANG_WARN_INT_CONVERSION = YES;
				CLANG_WARN_NON_LITERAL_NULL_CONVERSION = YES;
				CLANG_WARN_OBJC_IMPLICIT_RETAIN_SELF = YES;
				CLANG_WARN_OBJC_LITERAL_CONVERSION = YES;
				CLANG_WARN_OBJC_ROOT_CLASS = YES_ERROR;
				CLANG_WARN_QUOTED_INCLUDE_IN_FRAMEWORK_HEADER = YES;
				CLANG_WARN_RANGE_LOOP_ANALYSIS = YES;
				CLANG_WARN_STRICT_PROTOTYPES = YES;
				CLANG_WARN_SUSPICIOUS_MOVE = YES;
				CLANG_WARN_UNGUARDED_AVAILABILITY = YES_AGGRESSIVE;
				CLANG_WARN_UNREACHABLE_CODE = YES;
				CLANG_WARN__DUPLICATE_METHOD_MATCH = YES;
				COPY_PHASE_STRIP = NO;
				DEBUG_INFORMATION_FORMAT = dwarf;
				ENABLE_STRICT_OBJC_MSGSEND = YES;
				ENABLE_TESTABILITY = YES;
				GCC_C_LANGUAGE_STANDARD = gnu11;
				GCC_DYNAMIC_NO_PIC = NO;
				GCC_NO_COMMON_BLOCKS = YES;
				GCC_OPTIMIZATION_LEVEL = 0;
				GCC_PREPROCESSOR_DEFINITIONS = (
					"DEBUG=1",
					"$(inherited)",
				);
				GCC_WARN_64_TO_32_BIT_CONVERSION = YES;
				GCC_WARN_ABOUT_RETURN_TYPE = YES_ERROR;
				GCC_WARN_UNDECLARED_SELECTOR = YES;
				GCC_WARN_UNINITIALIZED_AUTOS = YES_AGGRESSIVE;
				GCC_WARN_UNUSED_FUNCTION = YES;
				GCC_WARN_UNUSED_VARIABLE = YES;
				IPHONEOS_DEPLOYMENT_TARGET = 15.2;
				MTL_ENABLE_DEBUG_INFO = INCLUDE_SOURCE;
				MTL_FAST_MATH = YES;
				ONLY_ACTIVE_ARCH = YES;
				SDKROOT = iphoneos;
				SWIFT_ACTIVE_COMPILATION_CONDITIONS = DEBUG;
				SWIFT_OPTIMIZATION_LEVEL = "-Onone";
			};
			name = Debug;
		};
		3EAEE4B427C8109200593B73 /* Release */ = {
			isa = XCBuildConfiguration;
			buildSettings = {
				ALWAYS_SEARCH_USER_PATHS = NO;
				CLANG_ANALYZER_NONNULL = YES;
				CLANG_ANALYZER_NUMBER_OBJECT_CONVERSION = YES_AGGRESSIVE;
				CLANG_CXX_LANGUAGE_STANDARD = "gnu++17";
				CLANG_CXX_LIBRARY = "libc++";
				CLANG_ENABLE_MODULES = YES;
				CLANG_ENABLE_OBJC_ARC = YES;
				CLANG_ENABLE_OBJC_WEAK = YES;
				CLANG_WARN_BLOCK_CAPTURE_AUTORELEASING = YES;
				CLANG_WARN_BOOL_CONVERSION = YES;
				CLANG_WARN_COMMA = YES;
				CLANG_WARN_CONSTANT_CONVERSION = YES;
				CLANG_WARN_DEPRECATED_OBJC_IMPLEMENTATIONS = YES;
				CLANG_WARN_DIRECT_OBJC_ISA_USAGE = YES_ERROR;
				CLANG_WARN_DOCUMENTATION_COMMENTS = YES;
				CLANG_WARN_EMPTY_BODY = YES;
				CLANG_WARN_ENUM_CONVERSION = YES;
				CLANG_WARN_INFINITE_RECURSION = YES;
				CLANG_WARN_INT_CONVERSION = YES;
				CLANG_WARN_NON_LITERAL_NULL_CONVERSION = YES;
				CLANG_WARN_OBJC_IMPLICIT_RETAIN_SELF = YES;
				CLANG_WARN_OBJC_LITERAL_CONVERSION = YES;
				CLANG_WARN_OBJC_ROOT_CLASS = YES_ERROR;
				CLANG_WARN_QUOTED_INCLUDE_IN_FRAMEWORK_HEADER = YES;
				CLANG_WARN_RANGE_LOOP_ANALYSIS = YES;
				CLANG_WARN_STRICT_PROTOTYPES = YES;
				CLANG_WARN_SUSPICIOUS_MOVE = YES;
				CLANG_WARN_UNGUARDED_AVAILABILITY = YES_AGGRESSIVE;
				CLANG_WARN_UNREACHABLE_CODE = YES;
				CLANG_WARN__DUPLICATE_METHOD_MATCH = YES;
				COPY_PHASE_STRIP = NO;
				DEBUG_INFORMATION_FORMAT = "dwarf-with-dsym";
				ENABLE_NS_ASSERTIONS = NO;
				ENABLE_STRICT_OBJC_MSGSEND = YES;
				GCC_C_LANGUAGE_STANDARD = gnu11;
				GCC_NO_COMMON_BLOCKS = YES;
				GCC_WARN_64_TO_32_BIT_CONVERSION = YES;
				GCC_WARN_ABOUT_RETURN_TYPE = YES_ERROR;
				GCC_WARN_UNDECLARED_SELECTOR = YES;
				GCC_WARN_UNINITIALIZED_AUTOS = YES_AGGRESSIVE;
				GCC_WARN_UNUSED_FUNCTION = YES;
				GCC_WARN_UNUSED_VARIABLE = YES;
				IPHONEOS_DEPLOYMENT_TARGET = 15.2;
				MTL_ENABLE_DEBUG_INFO = NO;
				MTL_FAST_MATH = YES;
				SDKROOT = iphoneos;
				SWIFT_COMPILATION_MODE = wholemodule;
				SWIFT_OPTIMIZATION_LEVEL = "-O";
				VALIDATE_PRODUCT = YES;
			};
			name = Release;
		};
		3EAEE4B627C8109200593B73 /* Debug */ = {
			isa = XCBuildConfiguration;
			buildSettings = {
				ASSETCATALOG_COMPILER_APPICON_NAME = AppIcon;
				ASSETCATALOG_COMPILER_GLOBAL_ACCENT_COLOR_NAME = AccentColor;
				CODE_SIGN_STYLE = Automatic;
				CURRENT_PROJECT_VERSION = 1;
				DEVELOPMENT_ASSET_PATHS = "\"RSI/Preview Content\"";
				DEVELOPMENT_TEAM = NARAT553QB;
				ENABLE_PREVIEWS = YES;
				GENERATE_INFOPLIST_FILE = YES;
				INFOPLIST_FILE = RSI/Info.plist;
				INFOPLIST_KEY_UIApplicationSceneManifest_Generation = YES;
				INFOPLIST_KEY_UIApplicationSupportsIndirectInputEvents = YES;
				INFOPLIST_KEY_UILaunchScreen_Generation = YES;
				INFOPLIST_KEY_UISupportedInterfaceOrientations_iPad = "UIInterfaceOrientationPortrait UIInterfaceOrientationPortraitUpsideDown UIInterfaceOrientationLandscapeLeft UIInterfaceOrientationLandscapeRight";
				INFOPLIST_KEY_UISupportedInterfaceOrientations_iPhone = UIInterfaceOrientationPortrait;
				LD_RUNPATH_SEARCH_PATHS = (
					"$(inherited)",
					"@executable_path/Frameworks",
				);
				MARKETING_VERSION = 1.0;
				PRODUCT_BUNDLE_IDENTIFIER = samnbeli.RSI;
				PRODUCT_NAME = "$(TARGET_NAME)";
				SWIFT_EMIT_LOC_STRINGS = YES;
				SWIFT_VERSION = 5.0;
				TARGETED_DEVICE_FAMILY = "1,2";
			};
			name = Debug;
		};
		3EAEE4B727C8109200593B73 /* Release */ = {
			isa = XCBuildConfiguration;
			buildSettings = {
				ASSETCATALOG_COMPILER_APPICON_NAME = AppIcon;
				ASSETCATALOG_COMPILER_GLOBAL_ACCENT_COLOR_NAME = AccentColor;
				CODE_SIGN_STYLE = Automatic;
				CURRENT_PROJECT_VERSION = 1;
				DEVELOPMENT_ASSET_PATHS = "\"RSI/Preview Content\"";
				DEVELOPMENT_TEAM = NARAT553QB;
				ENABLE_PREVIEWS = YES;
				GENERATE_INFOPLIST_FILE = YES;
				INFOPLIST_FILE = RSI/Info.plist;
				INFOPLIST_KEY_UIApplicationSceneManifest_Generation = YES;
				INFOPLIST_KEY_UIApplicationSupportsIndirectInputEvents = YES;
				INFOPLIST_KEY_UILaunchScreen_Generation = YES;
				INFOPLIST_KEY_UISupportedInterfaceOrientations_iPad = "UIInterfaceOrientationPortrait UIInterfaceOrientationPortraitUpsideDown UIInterfaceOrientationLandscapeLeft UIInterfaceOrientationLandscapeRight";
				INFOPLIST_KEY_UISupportedInterfaceOrientations_iPhone = UIInterfaceOrientationPortrait;
				LD_RUNPATH_SEARCH_PATHS = (
					"$(inherited)",
					"@executable_path/Frameworks",
				);
				MARKETING_VERSION = 1.0;
				PRODUCT_BUNDLE_IDENTIFIER = samnbeli.RSI;
				PRODUCT_NAME = "$(TARGET_NAME)";
				SWIFT_EMIT_LOC_STRINGS = YES;
				SWIFT_VERSION = 5.0;
				TARGETED_DEVICE_FAMILY = "1,2";
			};
			name = Release;
		};
/* End XCBuildConfiguration section */

/* Begin XCConfigurationList section */
		3EAEE4A227C8109100593B73 /* Build configuration list for PBXProject "RSI" */ = {
			isa = XCConfigurationList;
			buildConfigurations = (
				3EAEE4B327C8109200593B73 /* Debug */,
				3EAEE4B427C8109200593B73 /* Release */,
			);
			defaultConfigurationIsVisible = 0;
			defaultConfigurationName = Release;
		};
		3EAEE4B527C8109200593B73 /* Build configuration list for PBXNativeTarget "RSI" */ = {
			isa = XCConfigurationList;
			buildConfigurations = (
				3EAEE4B627C8109200593B73 /* Debug */,
				3EAEE4B727C8109200593B73 /* Release */,
			);
			defaultConfigurationIsVisible = 0;
			defaultConfigurationName = Release;
		};
/* End XCConfigurationList section */
	};
	rootObject = 3EAEE49F27C8109100593B73 /* Project object */;
}
